
Microsoft Visual Studio Solution File, Format Version 12.00
# Visual Studio Version 17
VisualStudioVersion = 17.3.32804.467
MinimumVisualStudioVersion = 10.0.40219.1
Project("{FAE04EC0-301F-11D3-BF4B-00C04F79EFBC}") = "CETrackerApi", "CETrackerApi\CETrackerApi.csproj", "{A8C8D163-98AA-4172-A023-20EBF51C487B}"
EndProject
Global
	GlobalSection(SolutionConfigurationPlatforms) = preSolution
		Debug|Any CPU = Debug|Any CPU
		Release|Any CPU = Release|Any CPU
	EndGlobalSection
	GlobalSection(ProjectConfigurationPlatforms) = postSolution
		{A8C8D163-98AA-4172-A023-20EBF51C487B}.Debug|Any CPU.ActiveCfg = Debug|Any CPU
		{A8C8D163-98AA-4172-A023-20EBF51C487B}.Debug|Any CPU.Build.0 = Debug|Any CPU
		{A8C8D163-98AA-4172-A023-20EBF51C487B}.Release|Any CPU.ActiveCfg = Release|Any CPU
		{A8C8D163-98AA-4172-A023-20EBF51C487B}.Release|Any CPU.Build.0 = Release|Any CPU
	EndGlobalSection
	GlobalSection(SolutionProperties) = preSolution
		HideSolutionNode = FALSE
	EndGlobalSection
	GlobalSection(ExtensibilityGlobals) = postSolution
		SolutionGuid = {91732B9E-6BD9-497B-9BF9-E4BC7B33C990}
	EndGlobalSection
EndGlobal
